
Microsoft Visual Studio Solution File, Format Version 12.00
# Visual Studio 15
VisualStudioVersion = 15.0.27703.2035
MinimumVisualStudioVersion = 10.0.40219.1
Project("{FAE04EC0-301F-11D3-BF4B-00C04F79EFBC}") = "WebCoreDelivery", "WebCoreDelivery\WebCoreDelivery.csproj", "{69DB76D7-2AA0-4361-ACA6-F286563F506A}"
EndProject
Global
	GlobalSection(SolutionConfigurationPlatforms) = preSolution
		Debug|Any CPU = Debug|Any CPU
		Release|Any CPU = Release|Any CPU
	EndGlobalSection
	GlobalSection(ProjectConfigurationPlatforms) = postSolution
		{69DB76D7-2AA0-4361-ACA6-F286563F506A}.Debug|Any CPU.ActiveCfg = Debug|Any CPU
		{69DB76D7-2AA0-4361-ACA6-F286563F506A}.Debug|Any CPU.Build.0 = Debug|Any CPU
		{69DB76D7-2AA0-4361-ACA6-F286563F506A}.Release|Any CPU.ActiveCfg = Release|Any CPU
		{69DB76D7-2AA0-4361-ACA6-F286563F506A}.Release|Any CPU.Build.0 = Release|Any CPU
	EndGlobalSection
	GlobalSection(SolutionProperties) = preSolution
		HideSolutionNode = FALSE
	EndGlobalSection
	GlobalSection(ExtensibilityGlobals) = postSolution
		SolutionGuid = {D687A44C-249D-4B57-894D-7CD54F15A668}
	EndGlobalSection
EndGlobal
